// !$*UTF8*$!
{
	archiveVersion = 1;
	classes = {
	};
	objectVersion = 55;
	objects = {

/* Begin PBXBuildFile section */
		041E8DF227EDC6850028C7CF /* MeNavigationController.swift in Sources */ = {isa = PBXBuildFile; fileRef = 041E8DF127EDC6850028C7CF /* MeNavigationController.swift */; };
		041E8DF527EDC7570028C7CF /* BottlesNavigationController.swift in Sources */ = {isa = PBXBuildFile; fileRef = 041E8DF427EDC7570028C7CF /* BottlesNavigationController.swift */; };
		041E8DF727EDC7670028C7CF /* ShakeNavigationController.swift in Sources */ = {isa = PBXBuildFile; fileRef = 041E8DF627EDC7670028C7CF /* ShakeNavigationController.swift */; };
		041E8DFF27EF8E390028C7CF /* MeView.swift in Sources */ = {isa = PBXBuildFile; fileRef = 041E8DFE27EF8E390028C7CF /* MeView.swift */; };
		041E8E0327EF99970028C7CF /* AvatarTopView.swift in Sources */ = {isa = PBXBuildFile; fileRef = 041E8E0227EF99970028C7CF /* AvatarTopView.swift */; };
		041E8E0827EFA2D90028C7CF /* UIUtil.swift in Sources */ = {isa = PBXBuildFile; fileRef = 041E8E0727EFA2D90028C7CF /* UIUtil.swift */; };
		041E8E0B27EFFED40028C7CF /* ShakeBottles+UIImageView.swift in Sources */ = {isa = PBXBuildFile; fileRef = 041E8E0A27EFFED40028C7CF /* ShakeBottles+UIImageView.swift */; };
		041E8E0F27F00BD00028C7CF /* MeVM.swift in Sources */ = {isa = PBXBuildFile; fileRef = 041E8E0E27F00BD00028C7CF /* MeVM.swift */; };
		041E8E1227F0331B0028C7CF /* BaseViewModel.swift in Sources */ = {isa = PBXBuildFile; fileRef = 041E8E1127F0331B0028C7CF /* BaseViewModel.swift */; };
		041E8E1427F035690028C7CF /* MeTableViewDelegate.swift in Sources */ = {isa = PBXBuildFile; fileRef = 041E8E1327F035690028C7CF /* MeTableViewDelegate.swift */; };
		041E8E1627F03CF20028C7CF /* UserInfo.swift in Sources */ = {isa = PBXBuildFile; fileRef = 041E8E1527F03CF20028C7CF /* UserInfo.swift */; };
		0474FA0527ECDA540079C939 /* AppDelegate.swift in Sources */ = {isa = PBXBuildFile; fileRef = 0474FA0427ECDA540079C939 /* AppDelegate.swift */; };
		0474FA0727ECDA540079C939 /* SceneDelegate.swift in Sources */ = {isa = PBXBuildFile; fileRef = 0474FA0627ECDA540079C939 /* SceneDelegate.swift */; };
		0474FA0927ECDA540079C939 /* ViewController.swift in Sources */ = {isa = PBXBuildFile; fileRef = 0474FA0827ECDA540079C939 /* ViewController.swift */; };
		0474FA0C27ECDA540079C939 /* Main.storyboard in Resources */ = {isa = PBXBuildFile; fileRef = 0474FA0A27ECDA540079C939 /* Main.storyboard */; };
		0474FA0E27ECDA550079C939 /* Assets.xcassets in Resources */ = {isa = PBXBuildFile; fileRef = 0474FA0D27ECDA550079C939 /* Assets.xcassets */; };
		0474FA1127ECDA550079C939 /* LaunchScreen.storyboard in Resources */ = {isa = PBXBuildFile; fileRef = 0474FA0F27ECDA550079C939 /* LaunchScreen.storyboard */; };
		0474FA1C27ECDA550079C939 /* ShakeBottlesTests.swift in Sources */ = {isa = PBXBuildFile; fileRef = 0474FA1B27ECDA550079C939 /* ShakeBottlesTests.swift */; };
		0474FA2627ECDA550079C939 /* ShakeBottlesUITests.swift in Sources */ = {isa = PBXBuildFile; fileRef = 0474FA2527ECDA550079C939 /* ShakeBottlesUITests.swift */; };
		0474FA2827ECDA550079C939 /* ShakeBottlesUITestsLaunchTests.swift in Sources */ = {isa = PBXBuildFile; fileRef = 0474FA2727ECDA550079C939 /* ShakeBottlesUITestsLaunchTests.swift */; };
		04FB497127F162480078262C /* ShakeBottles+UIColor.swift in Sources */ = {isa = PBXBuildFile; fileRef = 04FB497027F162480078262C /* ShakeBottles+UIColor.swift */; };
		04FB497727F172560078262C /* AppearanceManager.swift in Sources */ = {isa = PBXBuildFile; fileRef = 04FB497627F172560078262C /* AppearanceManager.swift */; };
		04FB497A27F17CEF0078262C /* ShakeView.swift in Sources */ = {isa = PBXBuildFile; fileRef = 04FB497927F17CEF0078262C /* ShakeView.swift */; };
		04FB497D27F17F600078262C /* ShakeVM.swift in Sources */ = {isa = PBXBuildFile; fileRef = 04FB497C27F17F600078262C /* ShakeVM.swift */; };
		04FB498227F18AD70078262C /* BottlesViewController.swift in Sources */ = {isa = PBXBuildFile; fileRef = 04FB498127F18AD70078262C /* BottlesViewController.swift */; };
		04FB498627F18AF20078262C /* BottlesView.swift in Sources */ = {isa = PBXBuildFile; fileRef = 04FB498527F18AF20078262C /* BottlesView.swift */; };
		04FB498927F18B060078262C /* BottlesVM.swift in Sources */ = {isa = PBXBuildFile; fileRef = 04FB498827F18B060078262C /* BottlesVM.swift */; };
		04FB498D27F56BFB0078262C /* FindSomeone.mp3 in Resources */ = {isa = PBXBuildFile; fileRef = 04FB498C27F56BFB0078262C /* FindSomeone.mp3 */; };
		04FB498F27F56C0E0078262C /* ShakeKacha.mp3 in Resources */ = {isa = PBXBuildFile; fileRef = 04FB498E27F56C0E0078262C /* ShakeKacha.mp3 */; };
		04FB499127F639890078262C /* BottleSeaView.swift in Sources */ = {isa = PBXBuildFile; fileRef = 04FB499027F639890078262C /* BottleSeaView.swift */; };
		04FB499627FA30710078262C /* Coordinator.swift in Sources */ = {isa = PBXBuildFile; fileRef = 04FB499527FA30710078262C /* Coordinator.swift */; };
		04FB499827FA9A520078262C /* ShakeCoordinator.swift in Sources */ = {isa = PBXBuildFile; fileRef = 04FB499727FA9A520078262C /* ShakeCoordinator.swift */; };
		04FB499A27FAA3300078262C /* BottlesCoordinator.swift in Sources */ = {isa = PBXBuildFile; fileRef = 04FB499927FAA3300078262C /* BottlesCoordinator.swift */; };
		04FB499C27FAA3390078262C /* MeCoordinator.swift in Sources */ = {isa = PBXBuildFile; fileRef = 04FB499B27FAA3390078262C /* MeCoordinator.swift */; };
		04FB499E27FC09B00078262C /* MainCoordinator.swift in Sources */ = {isa = PBXBuildFile; fileRef = 04FB499D27FC09B00078262C /* MainCoordinator.swift */; };
		04FB49A027FC0BF30078262C /* MainBaseCoordinator.swift in Sources */ = {isa = PBXBuildFile; fileRef = 04FB499F27FC0BF30078262C /* MainBaseCoordinator.swift */; };
		04FB49A527FC10BB0078262C /* DeepLinkBaseCoordinator.swift in Sources */ = {isa = PBXBuildFile; fileRef = 04FB49A427FC10BB0078262C /* DeepLinkBaseCoordinator.swift */; };
		04FB49A727FC10FC0078262C /* DeepLinkCoordinator.swift in Sources */ = {isa = PBXBuildFile; fileRef = 04FB49A627FC10FC0078262C /* DeepLinkCoordinator.swift */; };
		04FB49A927FCC28F0078262C /* BottlesBaseCoordinator.swift in Sources */ = {isa = PBXBuildFile; fileRef = 04FB49A827FCC28F0078262C /* BottlesBaseCoordinator.swift */; };
		04FB49AB27FCC3A60078262C /* ShakeBaseCoordinator.swift in Sources */ = {isa = PBXBuildFile; fileRef = 04FB49AA27FCC3A60078262C /* ShakeBaseCoordinator.swift */; };
		04FB49AD27FCC3DE0078262C /* MeBaseCoordinator.swift in Sources */ = {isa = PBXBuildFile; fileRef = 04FB49AC27FCC3DE0078262C /* MeBaseCoordinator.swift */; };
		04FB49B227FD0BDE0078262C /* ShakeHistoryViewController.swift in Sources */ = {isa = PBXBuildFile; fileRef = 04FB49B127FD0BDE0078262C /* ShakeHistoryViewController.swift */; };
		04FB49B427FD10010078262C /* BottlesMessagesViewController.swift in Sources */ = {isa = PBXBuildFile; fileRef = 04FB49B327FD10010078262C /* BottlesMessagesViewController.swift */; };
		04FB49B827FD17EB0078262C /* MeEditProfileViewController.swift in Sources */ = {isa = PBXBuildFile; fileRef = 04FB49B727FD17EB0078262C /* MeEditProfileViewController.swift */; };
		04FB49BB27FDF6560078262C /* UniCellEnum.swift in Sources */ = {isa = PBXBuildFile; fileRef = 04FB49BA27FDF6560078262C /* UniCellEnum.swift */; };
		04FB49BD27FE02AF0078262C /* PaddingLabel.swift in Sources */ = {isa = PBXBuildFile; fileRef = 04FB49BC27FE02AF0078262C /* PaddingLabel.swift */; };
		04FB49BF27FE08B20078262C /* BaseModel.swift in Sources */ = {isa = PBXBuildFile; fileRef = 04FB49BE27FE08B20078262C /* BaseModel.swift */; };
		04FB49C127FE09430078262C /* Models.swift in Sources */ = {isa = PBXBuildFile; fileRef = 04FB49C027FE09430078262C /* Models.swift */; };
		04FB49C327FE0A560078262C /* ShakeBottles+Date.swift in Sources */ = {isa = PBXBuildFile; fileRef = 04FB49C227FE0A560078262C /* ShakeBottles+Date.swift */; };
		04FB49C527FE50F20078262C /* ShakeBottles+UIView.swift in Sources */ = {isa = PBXBuildFile; fileRef = 04FB49C427FE50F20078262C /* ShakeBottles+UIView.swift */; };
		04FB49C727FEA5D60078262C /* ChatCellBubbleView.swift in Sources */ = {isa = PBXBuildFile; fileRef = 04FB49C627FEA5D60078262C /* ChatCellBubbleView.swift */; };
		04FB49C927FF4DB90078262C /* ThemeColors.swift in Sources */ = {isa = PBXBuildFile; fileRef = 04FB49C827FF4DB90078262C /* ThemeColors.swift */; };
		04FB49CB27FF4DC40078262C /* ThemeSizes.swift in Sources */ = {isa = PBXBuildFile; fileRef = 04FB49CA27FF4DC40078262C /* ThemeSizes.swift */; };
		1CBCE6E3E1709591667B5C97 /* Pods_ShakeBottles.framework in Frameworks */ = {isa = PBXBuildFile; fileRef = 0D5CB30138BDB7AF589FA0E9 /* Pods_ShakeBottles.framework */; };
		543AABF1A0EF02DF9813E35B /* Pods_ShakeBottles_ShakeBottlesUITests.framework in Frameworks */ = {isa = PBXBuildFile; fileRef = 9E63EEAFDBAEE7769E0EB393 /* Pods_ShakeBottles_ShakeBottlesUITests.framework */; };
		66927E2C35D228AE905264FF /* Pods_ShakeBottlesTests.framework in Frameworks */ = {isa = PBXBuildFile; fileRef = 64822670690957EEFB699817 /* Pods_ShakeBottlesTests.framework */; };
		685F30C483A3BDB97CE3E873 /* UniChatTableViewDelegate.swift in Sources */ = {isa = PBXBuildFile; fileRef = 685F3A5572F5F02FD26B8C8D /* UniChatTableViewDelegate.swift */; };
		685F31FF2F498C5F6791D80F /* MeCreditViewController.swift in Sources */ = {isa = PBXBuildFile; fileRef = 685F35D40EFE1878D20E7622 /* MeCreditViewController.swift */; };
		685F3328A272CE69FA9C3553 /* MeDataAndStorageViewController.swift in Sources */ = {isa = PBXBuildFile; fileRef = 685F3C4D0EB24C6644C10E64 /* MeDataAndStorageViewController.swift */; };
		685F33B323A66623DBCD0B4D /* UniChatViewController.swift in Sources */ = {isa = PBXBuildFile; fileRef = 685F3C825585FDAEDE3622B0 /* UniChatViewController.swift */; };
		685F344952A131EFE5C8C49E /* BaseViewController.swift in Sources */ = {isa = PBXBuildFile; fileRef = 685F305574CDC0249065C2C0 /* BaseViewController.swift */; };
		685F34B2ED657298DA65C345 /* BaseTabBarController.swift in Sources */ = {isa = PBXBuildFile; fileRef = 685F3A011DCFC4F6F325F8EB /* BaseTabBarController.swift */; };
		685F34D404D5C56C4BEA0153 /* UniChatView.swift in Sources */ = {isa = PBXBuildFile; fileRef = 685F34D543A37CCD47CE896F /* UniChatView.swift */; };
		685F354421BD6288AED186E4 /* TabNavigationMenu.swift in Sources */ = {isa = PBXBuildFile; fileRef = 685F37594D4E8B19E32AC9C7 /* TabNavigationMenu.swift */; };
		685F358B5B7F3B4B55AE0E28 /* MainTabBarController.swift in Sources */ = {isa = PBXBuildFile; fileRef = 685F32D3F903EBF9D939E8FE /* MainTabBarController.swift */; };
		685F359A18EDEB6FC0366EFC /* MeLanguageViewController.swift in Sources */ = {isa = PBXBuildFile; fileRef = 685F339489218C876F23D6D1 /* MeLanguageViewController.swift */; };
		685F3681692F54B34F1FE5A2 /* UniChatTextTableViewCell.swift in Sources */ = {isa = PBXBuildFile; fileRef = 685F35DF5BD9C92F295CB987 /* UniChatTextTableViewCell.swift */; };
		685F36E4CB6ED69433F5E126 /* MeAppearanceViewController.swift in Sources */ = {isa = PBXBuildFile; fileRef = 685F308AC0385FD9379FF695 /* MeAppearanceViewController.swift */; };
		685F37628E8D65A1354540FB /* UniChatDateSectionHeader.swift in Sources */ = {isa = PBXBuildFile; fileRef = 685F32B87AC197FF749980B7 /* UniChatDateSectionHeader.swift */; };
		685F395318B46CA592FE0A5E /* BaseView.swift in Sources */ = {isa = PBXBuildFile; fileRef = 685F3C46632B51F40B6217D5 /* BaseView.swift */; };
		685F39921E8859EF704CDC52 /* BaseImageView.swift in Sources */ = {isa = PBXBuildFile; fileRef = 685F325901187923415B6951 /* BaseImageView.swift */; };
		685F3C70D84752A8856A3DBB /* UniChatImageTableViewCell.swift in Sources */ = {isa = PBXBuildFile; fileRef = 685F3393F59BA2A46C8EB807 /* UniChatImageTableViewCell.swift */; };
		685F3DC4BDBE5DC2D7D1950E /* ShakeViewController.swift in Sources */ = {isa = PBXBuildFile; fileRef = 685F3C62C2C5013E658FE302 /* ShakeViewController.swift */; };
		685F3DDDB655A29AC1688D2E /* TabItem.swift in Sources */ = {isa = PBXBuildFile; fileRef = 685F344CE1EA2CA79B3BCE5E /* TabItem.swift */; };
		685F3EFDD0BE64168CEB2924 /* MeAboutViewController.swift in Sources */ = {isa = PBXBuildFile; fileRef = 685F302B4BE3D394A16AF81F /* MeAboutViewController.swift */; };
		685F3F344423DE68D47E8C7D /* MeViewController.swift in Sources */ = {isa = PBXBuildFile; fileRef = 685F326639905DEC179558F8 /* MeViewController.swift */; };
		685F3FC41AB4756FDA3D7C1E /* UniChatVM.swift in Sources */ = {isa = PBXBuildFile; fileRef = 685F3CFF08A69A51686CA36C /* UniChatVM.swift */; };
/* End PBXBuildFile section */

/* Begin PBXContainerItemProxy section */
		0474FA1827ECDA550079C939 /* PBXContainerItemProxy */ = {
			isa = PBXContainerItemProxy;
			containerPortal = 0474F9F927ECDA540079C939 /* Project object */;
			proxyType = 1;
			remoteGlobalIDString = 0474FA0027ECDA540079C939;
			remoteInfo = ShakeBottles;
		};
		0474FA2227ECDA550079C939 /* PBXContainerItemProxy */ = {
			isa = PBXContainerItemProxy;
			containerPortal = 0474F9F927ECDA540079C939 /* Project object */;
			proxyType = 1;
			remoteGlobalIDString = 0474FA0027ECDA540079C939;
			remoteInfo = ShakeBottles;
		};
/* End PBXContainerItemProxy section */

/* Begin PBXFileReference section */
		041E8DF127EDC6850028C7CF /* MeNavigationController.swift */ = {isa = PBXFileReference; lastKnownFileType = sourcecode.swift; path = MeNavigationController.swift; sourceTree = "<group>"; };
		041E8DF427EDC7570028C7CF /* BottlesNavigationController.swift */ = {isa = PBXFileReference; lastKnownFileType = sourcecode.swift; path = BottlesNavigationController.swift; sourceTree = "<group>"; };
		041E8DF627EDC7670028C7CF /* ShakeNavigationController.swift */ = {isa = PBXFileReference; lastKnownFileType = sourcecode.swift; path = ShakeNavigationController.swift; sourceTree = "<group>"; };
		041E8DFE27EF8E390028C7CF /* MeView.swift */ = {isa = PBXFileReference; lastKnownFileType = sourcecode.swift; path = MeView.swift; sourceTree = "<group>"; };
		041E8E0227EF99970028C7CF /* AvatarTopView.swift */ = {isa = PBXFileReference; lastKnownFileType = sourcecode.swift; path = AvatarTopView.swift; sourceTree = "<group>"; };
		041E8E0727EFA2D90028C7CF /* UIUtil.swift */ = {isa = PBXFileReference; lastKnownFileType = sourcecode.swift; path = UIUtil.swift; sourceTree = "<group>"; };
		041E8E0A27EFFED40028C7CF /* ShakeBottles+UIImageView.swift */ = {isa = PBXFileReference; lastKnownFileType = sourcecode.swift; path = "ShakeBottles+UIImageView.swift"; sourceTree = "<group>"; };
		041E8E0E27F00BD00028C7CF /* MeVM.swift */ = {isa = PBXFileReference; lastKnownFileType = sourcecode.swift; path = MeVM.swift; sourceTree = "<group>"; };
		041E8E1127F0331B0028C7CF /* BaseViewModel.swift */ = {isa = PBXFileReference; lastKnownFileType = sourcecode.swift; path = BaseViewModel.swift; sourceTree = "<group>"; };
		041E8E1327F035690028C7CF /* MeTableViewDelegate.swift */ = {isa = PBXFileReference; lastKnownFileType = sourcecode.swift; path = MeTableViewDelegate.swift; sourceTree = "<group>"; };
		041E8E1527F03CF20028C7CF /* UserInfo.swift */ = {isa = PBXFileReference; lastKnownFileType = sourcecode.swift; path = UserInfo.swift; sourceTree = "<group>"; };
		0474FA0127ECDA540079C939 /* ShakeBottles.app */ = {isa = PBXFileReference; explicitFileType = wrapper.application; includeInIndex = 0; path = ShakeBottles.app; sourceTree = BUILT_PRODUCTS_DIR; };
		0474FA0427ECDA540079C939 /* AppDelegate.swift */ = {isa = PBXFileReference; lastKnownFileType = sourcecode.swift; path = AppDelegate.swift; sourceTree = "<group>"; };
		0474FA0627ECDA540079C939 /* SceneDelegate.swift */ = {isa = PBXFileReference; lastKnownFileType = sourcecode.swift; path = SceneDelegate.swift; sourceTree = "<group>"; };
		0474FA0827ECDA540079C939 /* ViewController.swift */ = {isa = PBXFileReference; lastKnownFileType = sourcecode.swift; path = ViewController.swift; sourceTree = "<group>"; };
		0474FA0B27ECDA540079C939 /* Base */ = {isa = PBXFileReference; lastKnownFileType = file.storyboard; name = Base; path = Base.lproj/Main.storyboard; sourceTree = "<group>"; };
		0474FA0D27ECDA550079C939 /* Assets.xcassets */ = {isa = PBXFileReference; lastKnownFileType = folder.assetcatalog; path = Assets.xcassets; sourceTree = "<group>"; };
		0474FA1027ECDA550079C939 /* Base */ = {isa = PBXFileReference; lastKnownFileType = file.storyboard; name = Base; path = Base.lproj/LaunchScreen.storyboard; sourceTree = "<group>"; };
		0474FA1227ECDA550079C939 /* Info.plist */ = {isa = PBXFileReference; lastKnownFileType = text.plist.xml; path = Info.plist; sourceTree = "<group>"; };
		0474FA1727ECDA550079C939 /* ShakeBottlesTests.xctest */ = {isa = PBXFileReference; explicitFileType = wrapper.cfbundle; includeInIndex = 0; path = ShakeBottlesTests.xctest; sourceTree = BUILT_PRODUCTS_DIR; };
		0474FA1B27ECDA550079C939 /* ShakeBottlesTests.swift */ = {isa = PBXFileReference; lastKnownFileType = sourcecode.swift; path = ShakeBottlesTests.swift; sourceTree = "<group>"; };
		0474FA2127ECDA550079C939 /* ShakeBottlesUITests.xctest */ = {isa = PBXFileReference; explicitFileType = wrapper.cfbundle; includeInIndex = 0; path = ShakeBottlesUITests.xctest; sourceTree = BUILT_PRODUCTS_DIR; };
		0474FA2527ECDA550079C939 /* ShakeBottlesUITests.swift */ = {isa = PBXFileReference; lastKnownFileType = sourcecode.swift; path = ShakeBottlesUITests.swift; sourceTree = "<group>"; };
		0474FA2727ECDA550079C939 /* ShakeBottlesUITestsLaunchTests.swift */ = {isa = PBXFileReference; lastKnownFileType = sourcecode.swift; path = ShakeBottlesUITestsLaunchTests.swift; sourceTree = "<group>"; };
		04FB497027F162480078262C /* ShakeBottles+UIColor.swift */ = {isa = PBXFileReference; lastKnownFileType = sourcecode.swift; path = "ShakeBottles+UIColor.swift"; sourceTree = "<group>"; };
		04FB497627F172560078262C /* AppearanceManager.swift */ = {isa = PBXFileReference; lastKnownFileType = sourcecode.swift; path = AppearanceManager.swift; sourceTree = "<group>"; };
		04FB497927F17CEF0078262C /* ShakeView.swift */ = {isa = PBXFileReference; lastKnownFileType = sourcecode.swift; path = ShakeView.swift; sourceTree = "<group>"; };
		04FB497C27F17F600078262C /* ShakeVM.swift */ = {isa = PBXFileReference; lastKnownFileType = sourcecode.swift; path = ShakeVM.swift; sourceTree = "<group>"; };
		04FB498127F18AD70078262C /* BottlesViewController.swift */ = {isa = PBXFileReference; lastKnownFileType = sourcecode.swift; path = BottlesViewController.swift; sourceTree = "<group>"; };
		04FB498527F18AF20078262C /* BottlesView.swift */ = {isa = PBXFileReference; lastKnownFileType = sourcecode.swift; path = BottlesView.swift; sourceTree = "<group>"; };
		04FB498827F18B060078262C /* BottlesVM.swift */ = {isa = PBXFileReference; lastKnownFileType = sourcecode.swift; path = BottlesVM.swift; sourceTree = "<group>"; };
		04FB498C27F56BFB0078262C /* FindSomeone.mp3 */ = {isa = PBXFileReference; lastKnownFileType = audio.mp3; path = FindSomeone.mp3; sourceTree = "<group>"; };
		04FB498E27F56C0E0078262C /* ShakeKacha.mp3 */ = {isa = PBXFileReference; lastKnownFileType = audio.mp3; path = ShakeKacha.mp3; sourceTree = "<group>"; };
		04FB499027F639890078262C /* BottleSeaView.swift */ = {isa = PBXFileReference; lastKnownFileType = sourcecode.swift; path = BottleSeaView.swift; sourceTree = "<group>"; };
		04FB499527FA30710078262C /* Coordinator.swift */ = {isa = PBXFileReference; lastKnownFileType = sourcecode.swift; path = Coordinator.swift; sourceTree = "<group>"; };
		04FB499727FA9A520078262C /* ShakeCoordinator.swift */ = {isa = PBXFileReference; lastKnownFileType = sourcecode.swift; path = ShakeCoordinator.swift; sourceTree = "<group>"; };
		04FB499927FAA3300078262C /* BottlesCoordinator.swift */ = {isa = PBXFileReference; lastKnownFileType = sourcecode.swift; path = BottlesCoordinator.swift; sourceTree = "<group>"; };
		04FB499B27FAA3390078262C /* MeCoordinator.swift */ = {isa = PBXFileReference; lastKnownFileType = sourcecode.swift; path = MeCoordinator.swift; sourceTree = "<group>"; };
		04FB499D27FC09B00078262C /* MainCoordinator.swift */ = {isa = PBXFileReference; lastKnownFileType = sourcecode.swift; path = MainCoordinator.swift; sourceTree = "<group>"; };
		04FB499F27FC0BF30078262C /* MainBaseCoordinator.swift */ = {isa = PBXFileReference; lastKnownFileType = sourcecode.swift; path = MainBaseCoordinator.swift; sourceTree = "<group>"; };
		04FB49A427FC10BB0078262C /* DeepLinkBaseCoordinator.swift */ = {isa = PBXFileReference; lastKnownFileType = sourcecode.swift; path = DeepLinkBaseCoordinator.swift; sourceTree = "<group>"; };
		04FB49A627FC10FC0078262C /* DeepLinkCoordinator.swift */ = {isa = PBXFileReference; lastKnownFileType = sourcecode.swift; path = DeepLinkCoordinator.swift; sourceTree = "<group>"; };
		04FB49A827FCC28F0078262C /* BottlesBaseCoordinator.swift */ = {isa = PBXFileReference; lastKnownFileType = sourcecode.swift; path = BottlesBaseCoordinator.swift; sourceTree = "<group>"; };
		04FB49AA27FCC3A60078262C /* ShakeBaseCoordinator.swift */ = {isa = PBXFileReference; lastKnownFileType = sourcecode.swift; path = ShakeBaseCoordinator.swift; sourceTree = "<group>"; };
		04FB49AC27FCC3DE0078262C /* MeBaseCoordinator.swift */ = {isa = PBXFileReference; lastKnownFileType = sourcecode.swift; path = MeBaseCoordinator.swift; sourceTree = "<group>"; };
		04FB49B127FD0BDE0078262C /* ShakeHistoryViewController.swift */ = {isa = PBXFileReference; lastKnownFileType = sourcecode.swift; path = ShakeHistoryViewController.swift; sourceTree = "<group>"; };
		04FB49B327FD10010078262C /* BottlesMessagesViewController.swift */ = {isa = PBXFileReference; lastKnownFileType = sourcecode.swift; path = BottlesMessagesViewController.swift; sourceTree = "<group>"; };
		04FB49B727FD17EB0078262C /* MeEditProfileViewController.swift */ = {isa = PBXFileReference; lastKnownFileType = sourcecode.swift; path = MeEditProfileViewController.swift; sourceTree = "<group>"; };
		04FB49BA27FDF6560078262C /* UniCellEnum.swift */ = {isa = PBXFileReference; lastKnownFileType = sourcecode.swift; path = UniCellEnum.swift; sourceTree = "<group>"; };
		04FB49BC27FE02AF0078262C /* PaddingLabel.swift */ = {isa = PBXFileReference; lastKnownFileType = sourcecode.swift; path = PaddingLabel.swift; sourceTree = "<group>"; };
		04FB49BE27FE08B20078262C /* BaseModel.swift */ = {isa = PBXFileReference; lastKnownFileType = sourcecode.swift; path = BaseModel.swift; sourceTree = "<group>"; };
		04FB49C027FE09430078262C /* Models.swift */ = {isa = PBXFileReference; lastKnownFileType = sourcecode.swift; path = Models.swift; sourceTree = "<group>"; };
		04FB49C227FE0A560078262C /* ShakeBottles+Date.swift */ = {isa = PBXFileReference; lastKnownFileType = sourcecode.swift; path = "ShakeBottles+Date.swift"; sourceTree = "<group>"; };
		04FB49C427FE50F20078262C /* ShakeBottles+UIView.swift */ = {isa = PBXFileReference; lastKnownFileType = sourcecode.swift; path = "ShakeBottles+UIView.swift"; sourceTree = "<group>"; };
		04FB49C627FEA5D60078262C /* ChatCellBubbleView.swift */ = {isa = PBXFileReference; lastKnownFileType = sourcecode.swift; path = ChatCellBubbleView.swift; sourceTree = "<group>"; };
		04FB49C827FF4DB90078262C /* ThemeColors.swift */ = {isa = PBXFileReference; lastKnownFileType = sourcecode.swift; path = ThemeColors.swift; sourceTree = "<group>"; };
		04FB49CA27FF4DC40078262C /* ThemeSizes.swift */ = {isa = PBXFileReference; lastKnownFileType = sourcecode.swift; path = ThemeSizes.swift; sourceTree = "<group>"; };
		0D5CB30138BDB7AF589FA0E9 /* Pods_ShakeBottles.framework */ = {isa = PBXFileReference; explicitFileType = wrapper.framework; includeInIndex = 0; path = Pods_ShakeBottles.framework; sourceTree = BUILT_PRODUCTS_DIR; };
		35CB27624219CCF69B060171 /* Pods-ShakeBottles.debug.xcconfig */ = {isa = PBXFileReference; includeInIndex = 1; lastKnownFileType = text.xcconfig; name = "Pods-ShakeBottles.debug.xcconfig"; path = "Target Support Files/Pods-ShakeBottles/Pods-ShakeBottles.debug.xcconfig"; sourceTree = "<group>"; };
		64822670690957EEFB699817 /* Pods_ShakeBottlesTests.framework */ = {isa = PBXFileReference; explicitFileType = wrapper.framework; includeInIndex = 0; path = Pods_ShakeBottlesTests.framework; sourceTree = BUILT_PRODUCTS_DIR; };
		685F302B4BE3D394A16AF81F /* MeAboutViewController.swift */ = {isa = PBXFileReference; fileEncoding = 4; lastKnownFileType = sourcecode.swift; path = MeAboutViewController.swift; sourceTree = "<group>"; };
		685F305574CDC0249065C2C0 /* BaseViewController.swift */ = {isa = PBXFileReference; fileEncoding = 4; lastKnownFileType = sourcecode.swift; path = BaseViewController.swift; sourceTree = "<group>"; };
		685F308AC0385FD9379FF695 /* MeAppearanceViewController.swift */ = {isa = PBXFileReference; fileEncoding = 4; lastKnownFileType = sourcecode.swift; path = MeAppearanceViewController.swift; sourceTree = "<group>"; };
		685F325901187923415B6951 /* BaseImageView.swift */ = {isa = PBXFileReference; fileEncoding = 4; lastKnownFileType = sourcecode.swift; path = BaseImageView.swift; sourceTree = "<group>"; };
		685F326639905DEC179558F8 /* MeViewController.swift */ = {isa = PBXFileReference; fileEncoding = 4; lastKnownFileType = sourcecode.swift; path = MeViewController.swift; sourceTree = "<group>"; };
		685F32B87AC197FF749980B7 /* UniChatDateSectionHeader.swift */ = {isa = PBXFileReference; fileEncoding = 4; lastKnownFileType = sourcecode.swift; path = UniChatDateSectionHeader.swift; sourceTree = "<group>"; };
		685F32D3F903EBF9D939E8FE /* MainTabBarController.swift */ = {isa = PBXFileReference; fileEncoding = 4; lastKnownFileType = sourcecode.swift; path = MainTabBarController.swift; sourceTree = "<group>"; };
		685F3393F59BA2A46C8EB807 /* UniChatImageTableViewCell.swift */ = {isa = PBXFileReference; fileEncoding = 4; lastKnownFileType = sourcecode.swift; path = UniChatImageTableViewCell.swift; sourceTree = "<group>"; };
		685F339489218C876F23D6D1 /* MeLanguageViewController.swift */ = {isa = PBXFileReference; fileEncoding = 4; lastKnownFileType = sourcecode.swift; path = MeLanguageViewController.swift; sourceTree = "<group>"; };
		685F344CE1EA2CA79B3BCE5E /* TabItem.swift */ = {isa = PBXFileReference; fileEncoding = 4; lastKnownFileType = sourcecode.swift; path = TabItem.swift; sourceTree = "<group>"; };
		685F34D543A37CCD47CE896F /* UniChatView.swift */ = {isa = PBXFileReference; fileEncoding = 4; lastKnownFileType = sourcecode.swift; path = UniChatView.swift; sourceTree = "<group>"; };
		685F35D40EFE1878D20E7622 /* MeCreditViewController.swift */ = {isa = PBXFileReference; fileEncoding = 4; lastKnownFileType = sourcecode.swift; path = MeCreditViewController.swift; sourceTree = "<group>"; };
		685F35DF5BD9C92F295CB987 /* UniChatTextTableViewCell.swift */ = {isa = PBXFileReference; fileEncoding = 4; lastKnownFileType = sourcecode.swift; path = UniChatTextTableViewCell.swift; sourceTree = "<group>"; };
		685F37594D4E8B19E32AC9C7 /* TabNavigationMenu.swift */ = {isa = PBXFileReference; fileEncoding = 4; lastKnownFileType = sourcecode.swift; path = TabNavigationMenu.swift; sourceTree = "<group>"; };
		685F3A011DCFC4F6F325F8EB /* BaseTabBarController.swift */ = {isa = PBXFileReference; fileEncoding = 4; lastKnownFileType = sourcecode.swift; path = BaseTabBarController.swift; sourceTree = "<group>"; };
		685F3A5572F5F02FD26B8C8D /* UniChatTableViewDelegate.swift */ = {isa = PBXFileReference; fileEncoding = 4; lastKnownFileType = sourcecode.swift; path = UniChatTableViewDelegate.swift; sourceTree = "<group>"; };
		685F3C46632B51F40B6217D5 /* BaseView.swift */ = {isa = PBXFileReference; fileEncoding = 4; lastKnownFileType = sourcecode.swift; path = BaseView.swift; sourceTree = "<group>"; };
		685F3C4D0EB24C6644C10E64 /* MeDataAndStorageViewController.swift */ = {isa = PBXFileReference; fileEncoding = 4; lastKnownFileType = sourcecode.swift; path = MeDataAndStorageViewController.swift; sourceTree = "<group>"; };
		685F3C62C2C5013E658FE302 /* ShakeViewController.swift */ = {isa = PBXFileReference; fileEncoding = 4; lastKnownFileType = sourcecode.swift; path = ShakeViewController.swift; sourceTree = "<group>"; };
		685F3C825585FDAEDE3622B0 /* UniChatViewController.swift */ = {isa = PBXFileReference; fileEncoding = 4; lastKnownFileType = sourcecode.swift; path = UniChatViewController.swift; sourceTree = "<group>"; };
		685F3CFF08A69A51686CA36C /* UniChatVM.swift */ = {isa = PBXFileReference; fileEncoding = 4; lastKnownFileType = sourcecode.swift; path = UniChatVM.swift; sourceTree = "<group>"; };
		9E63EEAFDBAEE7769E0EB393 /* Pods_ShakeBottles_ShakeBottlesUITests.framework */ = {isa = PBXFileReference; explicitFileType = wrapper.framework; includeInIndex = 0; path = Pods_ShakeBottles_ShakeBottlesUITests.framework; sourceTree = BUILT_PRODUCTS_DIR; };
		CB3BF67125604C35C1BFA485 /* Pods-ShakeBottles-ShakeBottlesUITests.release.xcconfig */ = {isa = PBXFileReference; includeInIndex = 1; lastKnownFileType = text.xcconfig; name = "Pods-ShakeBottles-ShakeBottlesUITests.release.xcconfig"; path = "Target Support Files/Pods-ShakeBottles-ShakeBottlesUITests/Pods-ShakeBottles-ShakeBottlesUITests.release.xcconfig"; sourceTree = "<group>"; };
		DC49E11C4C27F351082A391A /* Pods-ShakeBottlesTests.debug.xcconfig */ = {isa = PBXFileReference; includeInIndex = 1; lastKnownFileType = text.xcconfig; name = "Pods-ShakeBottlesTests.debug.xcconfig"; path = "Target Support Files/Pods-ShakeBottlesTests/Pods-ShakeBottlesTests.debug.xcconfig"; sourceTree = "<group>"; };
		EDF1EE61AC424C9919118B33 /* Pods-ShakeBottles.release.xcconfig */ = {isa = PBXFileReference; includeInIndex = 1; lastKnownFileType = text.xcconfig; name = "Pods-ShakeBottles.release.xcconfig"; path = "Target Support Files/Pods-ShakeBottles/Pods-ShakeBottles.release.xcconfig"; sourceTree = "<group>"; };
		EFA8BF96CEE344C7CE346C06 /* Pods-ShakeBottles-ShakeBottlesUITests.debug.xcconfig */ = {isa = PBXFileReference; includeInIndex = 1; lastKnownFileType = text.xcconfig; name = "Pods-ShakeBottles-ShakeBottlesUITests.debug.xcconfig"; path = "Target Support Files/Pods-ShakeBottles-ShakeBottlesUITests/Pods-ShakeBottles-ShakeBottlesUITests.debug.xcconfig"; sourceTree = "<group>"; };
		F30BDE41A5D7960E441FF870 /* Pods-ShakeBottlesTests.release.xcconfig */ = {isa = PBXFileReference; includeInIndex = 1; lastKnownFileType = text.xcconfig; name = "Pods-ShakeBottlesTests.release.xcconfig"; path = "Target Support Files/Pods-ShakeBottlesTests/Pods-ShakeBottlesTests.release.xcconfig"; sourceTree = "<group>"; };
/* End PBXFileReference section */

/* Begin PBXFrameworksBuildPhase section */
		0474F9FE27ECDA540079C939 /* Frameworks */ = {
			isa = PBXFrameworksBuildPhase;
			buildActionMask = 2147483647;
			files = (
				1CBCE6E3E1709591667B5C97 /* Pods_ShakeBottles.framework in Frameworks */,
			);
			runOnlyForDeploymentPostprocessing = 0;
		};
		0474FA1427ECDA550079C939 /* Frameworks */ = {
			isa = PBXFrameworksBuildPhase;
			buildActionMask = 2147483647;
			files = (
				66927E2C35D228AE905264FF /* Pods_ShakeBottlesTests.framework in Frameworks */,
			);
			runOnlyForDeploymentPostprocessing = 0;
		};
		0474FA1E27ECDA550079C939 /* Frameworks */ = {
			isa = PBXFrameworksBuildPhase;
			buildActionMask = 2147483647;
			files = (
				543AABF1A0EF02DF9813E35B /* Pods_ShakeBottles_ShakeBottlesUITests.framework in Frameworks */,
			);
			runOnlyForDeploymentPostprocessing = 0;
		};
/* End PBXFrameworksBuildPhase section */

/* Begin PBXGroup section */
		041E8DF327EDC7280028C7CF /* NavControllers */ = {
			isa = PBXGroup;
			children = (
				041E8DF127EDC6850028C7CF /* MeNavigationController.swift */,
				041E8DF427EDC7570028C7CF /* BottlesNavigationController.swift */,
				041E8DF627EDC7670028C7CF /* ShakeNavigationController.swift */,
			);
			path = NavControllers;
			sourceTree = "<group>";
		};
		041E8DF927EF89D30028C7CF /* Services */ = {
			isa = PBXGroup;
			children = (
				04FB497627F172560078262C /* AppearanceManager.swift */,
			);
			path = Services;
			sourceTree = "<group>";
		};
		041E8DFA27EF89DE0028C7CF /* Utils */ = {
			isa = PBXGroup;
			children = (
				041E8E0727EFA2D90028C7CF /* UIUtil.swift */,
			);
			path = Utils;
			sourceTree = "<group>";
		};
		041E8DFD27EF8E1C0028C7CF /* Components */ = {
			isa = PBXGroup;
			children = (
				04FB49BC27FE02AF0078262C /* PaddingLabel.swift */,
			);
			path = Components;
			sourceTree = "<group>";
		};
		041E8E0027EF92080028C7CF /* TabNavigationMenu */ = {
			isa = PBXGroup;
			children = (
				685F37594D4E8B19E32AC9C7 /* TabNavigationMenu.swift */,
				685F344CE1EA2CA79B3BCE5E /* TabItem.swift */,
			);
			path = TabNavigationMenu;
			sourceTree = "<group>";
		};
		041E8E0427EF9C6D0028C7CF /* Extensions */ = {
			isa = PBXGroup;
			children = (
				041E8E0A27EFFED40028C7CF /* ShakeBottles+UIImageView.swift */,
				04FB497027F162480078262C /* ShakeBottles+UIColor.swift */,
				04FB49C227FE0A560078262C /* ShakeBottles+Date.swift */,
				04FB49C427FE50F20078262C /* ShakeBottles+UIView.swift */,
			);
			path = Extensions;
			sourceTree = "<group>";
		};
		041E8E0C27F00B4B0028C7CF /* Me */ = {
			isa = PBXGroup;
			children = (
				04FB49B627FD17C30078262C /* MeEditViewController */,
				04FB49A227FC0EB50078262C /* Coordinator */,
				041E8E0D27F00B570028C7CF /* MeViewController */,
				685F3A125B639A78BEA06218 /* MeAppearanceViewController */,
				685F3F1E9A1653BF260A6612 /* MeLanguageViewController */,
				685F36162801BC8940762045 /* MeDataAndStorageViewController */,
				685F38E08A16B10952C48DDC /* MeCreditViewController */,
				685F3AC44BF350FBC51F51A3 /* MeAboutViewController */,
			);
			path = Me;
			sourceTree = "<group>";
		};
		041E8E0D27F00B570028C7CF /* MeViewController */ = {
			isa = PBXGroup;
			children = (
				041E8DFE27EF8E390028C7CF /* MeView.swift */,
				041E8E0227EF99970028C7CF /* AvatarTopView.swift */,
				685F326639905DEC179558F8 /* MeViewController.swift */,
				041E8E0E27F00BD00028C7CF /* MeVM.swift */,
				041E8E1327F035690028C7CF /* MeTableViewDelegate.swift */,
			);
			path = MeViewController;
			sourceTree = "<group>";
		};
		041E8E1027F00C770028C7CF /* Models */ = {
			isa = PBXGroup;
			children = (
				041E8E1527F03CF20028C7CF /* UserInfo.swift */,
				04FB49C827FF4DB90078262C /* ThemeColors.swift */,
				04FB49CA27FF4DC40078262C /* ThemeSizes.swift */,
			);
			path = Models;
			sourceTree = "<group>";
		};
		0474F9F827ECDA540079C939 = {
			isa = PBXGroup;
			children = (
				0474FA0327ECDA540079C939 /* ShakeBottles */,
				0474FA1A27ECDA550079C939 /* ShakeBottlesTests */,
				0474FA2427ECDA550079C939 /* ShakeBottlesUITests */,
				0474FA0227ECDA540079C939 /* Products */,
				06AF92E940204860D6134772 /* Pods */,
				1B2EDD07C696BFCDF6DADBD4 /* Frameworks */,
			);
			sourceTree = "<group>";
		};
		0474FA0227ECDA540079C939 /* Products */ = {
			isa = PBXGroup;
			children = (
				0474FA0127ECDA540079C939 /* ShakeBottles.app */,
				0474FA1727ECDA550079C939 /* ShakeBottlesTests.xctest */,
				0474FA2127ECDA550079C939 /* ShakeBottlesUITests.xctest */,
			);
			name = Products;
			sourceTree = "<group>";
		};
		0474FA0327ECDA540079C939 /* ShakeBottles */ = {
			isa = PBXGroup;
			children = (
				04FB499227FA302A0078262C /* Coordinators */,
				04FB498B27F56BE50078262C /* AudioRes */,
				041E8E0427EF9C6D0028C7CF /* Extensions */,
				041E8DFD27EF8E1C0028C7CF /* Components */,
				041E8DFA27EF89DE0028C7CF /* Utils */,
				041E8DF927EF89D30028C7CF /* Services */,
				685F3B1208AD40D6FBCDE1C9 /* BaseClass */,
				041E8E1027F00C770028C7CF /* Models */,
				685F3BEF35C35A773C28B260 /* ViewControllers+VMs */,
				0474FA0427ECDA540079C939 /* AppDelegate.swift */,
				0474FA0627ECDA540079C939 /* SceneDelegate.swift */,
				0474FA0827ECDA540079C939 /* ViewController.swift */,
				0474FA0A27ECDA540079C939 /* Main.storyboard */,
				0474FA0D27ECDA550079C939 /* Assets.xcassets */,
				0474FA0F27ECDA550079C939 /* LaunchScreen.storyboard */,
				0474FA1227ECDA550079C939 /* Info.plist */,
			);
			path = ShakeBottles;
			sourceTree = "<group>";
		};
		0474FA1A27ECDA550079C939 /* ShakeBottlesTests */ = {
			isa = PBXGroup;
			children = (
				0474FA1B27ECDA550079C939 /* ShakeBottlesTests.swift */,
			);
			path = ShakeBottlesTests;
			sourceTree = "<group>";
		};
		0474FA2427ECDA550079C939 /* ShakeBottlesUITests */ = {
			isa = PBXGroup;
			children = (
				0474FA2527ECDA550079C939 /* ShakeBottlesUITests.swift */,
				0474FA2727ECDA550079C939 /* ShakeBottlesUITestsLaunchTests.swift */,
			);
			path = ShakeBottlesUITests;
			sourceTree = "<group>";
		};
		04FB497827F17CC00078262C /* Shake */ = {
			isa = PBXGroup;
			children = (
				04FB49B027FD0BB30078262C /* ShakeHistoryViewController */,
				04FB49A327FC0ED20078262C /* Coordinator */,
				04FB497B27F17D000078262C /* ShakeViewController */,
			);
			path = Shake;
			sourceTree = "<group>";
		};
		04FB497B27F17D000078262C /* ShakeViewController */ = {
			isa = PBXGroup;
			children = (
				685F3C62C2C5013E658FE302 /* ShakeViewController.swift */,
				04FB497927F17CEF0078262C /* ShakeView.swift */,
				04FB497C27F17F600078262C /* ShakeVM.swift */,
			);
			path = ShakeViewController;
			sourceTree = "<group>";
		};
		04FB497E27F18AA60078262C /* Bottles */ = {
			isa = PBXGroup;
			children = (
				04FB49B527FD100B0078262C /* BottlesMessagesViewController */,
				04FB49A127FC0EA70078262C /* Coordinator */,
				04FB498027F18AB80078262C /* BottlesViewController */,
			);
			path = Bottles;
			sourceTree = "<group>";
		};
		04FB498027F18AB80078262C /* BottlesViewController */ = {
			isa = PBXGroup;
			children = (
				04FB498127F18AD70078262C /* BottlesViewController.swift */,
				04FB498527F18AF20078262C /* BottlesView.swift */,
				04FB498827F18B060078262C /* BottlesVM.swift */,
				04FB499027F639890078262C /* BottleSeaView.swift */,
			);
			path = BottlesViewController;
			sourceTree = "<group>";
		};
		04FB498B27F56BE50078262C /* AudioRes */ = {
			isa = PBXGroup;
			children = (
				04FB498E27F56C0E0078262C /* ShakeKacha.mp3 */,
				04FB498C27F56BFB0078262C /* FindSomeone.mp3 */,
			);
			path = AudioRes;
			sourceTree = "<group>";
		};
		04FB499227FA302A0078262C /* Coordinators */ = {
			isa = PBXGroup;
			children = (
				04FB499527FA30710078262C /* Coordinator.swift */,
				04FB499D27FC09B00078262C /* MainCoordinator.swift */,
				04FB499F27FC0BF30078262C /* MainBaseCoordinator.swift */,
				04FB49A427FC10BB0078262C /* DeepLinkBaseCoordinator.swift */,
				04FB49A627FC10FC0078262C /* DeepLinkCoordinator.swift */,
			);
			path = Coordinators;
			sourceTree = "<group>";
		};
		04FB49A127FC0EA70078262C /* Coordinator */ = {
			isa = PBXGroup;
			children = (
				04FB499927FAA3300078262C /* BottlesCoordinator.swift */,
				04FB49A827FCC28F0078262C /* BottlesBaseCoordinator.swift */,
			);
			path = Coordinator;
			sourceTree = "<group>";
		};
		04FB49A227FC0EB50078262C /* Coordinator */ = {
			isa = PBXGroup;
			children = (
				04FB499B27FAA3390078262C /* MeCoordinator.swift */,
				04FB49AC27FCC3DE0078262C /* MeBaseCoordinator.swift */,
			);
			path = Coordinator;
			sourceTree = "<group>";
		};
		04FB49A327FC0ED20078262C /* Coordinator */ = {
			isa = PBXGroup;
			children = (
				04FB499727FA9A520078262C /* ShakeCoordinator.swift */,
				04FB49AA27FCC3A60078262C /* ShakeBaseCoordinator.swift */,
			);
			path = Coordinator;
			sourceTree = "<group>";
		};
		04FB49B027FD0BB30078262C /* ShakeHistoryViewController */ = {
			isa = PBXGroup;
			children = (
				04FB49B127FD0BDE0078262C /* ShakeHistoryViewController.swift */,
			);
			path = ShakeHistoryViewController;
			sourceTree = "<group>";
		};
		04FB49B527FD100B0078262C /* BottlesMessagesViewController */ = {
			isa = PBXGroup;
			children = (
				04FB49B327FD10010078262C /* BottlesMessagesViewController.swift */,
			);
			path = BottlesMessagesViewController;
			sourceTree = "<group>";
		};
		04FB49B627FD17C30078262C /* MeEditViewController */ = {
			isa = PBXGroup;
			children = (
				04FB49B727FD17EB0078262C /* MeEditProfileViewController.swift */,
			);
			path = MeEditViewController;
			sourceTree = "<group>";
		};
		04FB49B927FDE6CE0078262C /* Cells */ = {
			isa = PBXGroup;
			children = (
				685F35DF5BD9C92F295CB987 /* UniChatTextTableViewCell.swift */,
				685F3393F59BA2A46C8EB807 /* UniChatImageTableViewCell.swift */,
				685F32B87AC197FF749980B7 /* UniChatDateSectionHeader.swift */,
				04FB49BA27FDF6560078262C /* UniCellEnum.swift */,
				04FB49C627FEA5D60078262C /* ChatCellBubbleView.swift */,
			);
			path = Cells;
			sourceTree = "<group>";
		};
		06AF92E940204860D6134772 /* Pods */ = {
			isa = PBXGroup;
			children = (
				35CB27624219CCF69B060171 /* Pods-ShakeBottles.debug.xcconfig */,
				EDF1EE61AC424C9919118B33 /* Pods-ShakeBottles.release.xcconfig */,
				EFA8BF96CEE344C7CE346C06 /* Pods-ShakeBottles-ShakeBottlesUITests.debug.xcconfig */,
				CB3BF67125604C35C1BFA485 /* Pods-ShakeBottles-ShakeBottlesUITests.release.xcconfig */,
				DC49E11C4C27F351082A391A /* Pods-ShakeBottlesTests.debug.xcconfig */,
				F30BDE41A5D7960E441FF870 /* Pods-ShakeBottlesTests.release.xcconfig */,
			);
			path = Pods;
			sourceTree = "<group>";
		};
		1B2EDD07C696BFCDF6DADBD4 /* Frameworks */ = {
			isa = PBXGroup;
			children = (
				0D5CB30138BDB7AF589FA0E9 /* Pods_ShakeBottles.framework */,
				9E63EEAFDBAEE7769E0EB393 /* Pods_ShakeBottles_ShakeBottlesUITests.framework */,
				64822670690957EEFB699817 /* Pods_ShakeBottlesTests.framework */,
			);
			name = Frameworks;
			sourceTree = "<group>";
		};
		685F36162801BC8940762045 /* MeDataAndStorageViewController */ = {
			isa = PBXGroup;
			children = (
				685F3C4D0EB24C6644C10E64 /* MeDataAndStorageViewController.swift */,
			);
			path = MeDataAndStorageViewController;
			sourceTree = "<group>";
		};
		685F388CABF83AC2719D37EC /* UniChatViewController */ = {
			isa = PBXGroup;
			children = (
				04FB49B927FDE6CE0078262C /* Cells */,
				685F3CFF08A69A51686CA36C /* UniChatVM.swift */,
				685F3C825585FDAEDE3622B0 /* UniChatViewController.swift */,
				685F34D543A37CCD47CE896F /* UniChatView.swift */,
				685F3A5572F5F02FD26B8C8D /* UniChatTableViewDelegate.swift */,
				04FB49C027FE09430078262C /* Models.swift */,
			);
			path = UniChatViewController;
			sourceTree = "<group>";
		};
		685F38E08A16B10952C48DDC /* MeCreditViewController */ = {
			isa = PBXGroup;
			children = (
				685F35D40EFE1878D20E7622 /* MeCreditViewController.swift */,
			);
			path = MeCreditViewController;
			sourceTree = "<group>";
		};
		685F3983C83A8BBAEC970DF7 /* Universal */ = {
			isa = PBXGroup;
			children = (
				685F388CABF83AC2719D37EC /* UniChatViewController */,
			);
			path = Universal;
			sourceTree = "<group>";
		};
		685F3A125B639A78BEA06218 /* MeAppearanceViewController */ = {
			isa = PBXGroup;
			children = (
				685F308AC0385FD9379FF695 /* MeAppearanceViewController.swift */,
			);
			path = MeAppearanceViewController;
			sourceTree = "<group>";
		};
		685F3AC44BF350FBC51F51A3 /* MeAboutViewController */ = {
			isa = PBXGroup;
			children = (
				685F302B4BE3D394A16AF81F /* MeAboutViewController.swift */,
			);
			path = MeAboutViewController;
			sourceTree = "<group>";
		};
		685F3B1208AD40D6FBCDE1C9 /* BaseClass */ = {
			isa = PBXGroup;
			children = (
				685F305574CDC0249065C2C0 /* BaseViewController.swift */,
				685F3A011DCFC4F6F325F8EB /* BaseTabBarController.swift */,
				685F3C46632B51F40B6217D5 /* BaseView.swift */,
				685F325901187923415B6951 /* BaseImageView.swift */,
				041E8E1127F0331B0028C7CF /* BaseViewModel.swift */,
				04FB49BE27FE08B20078262C /* BaseModel.swift */,
			);
			path = BaseClass;
			sourceTree = "<group>";
		};
		685F3BEF35C35A773C28B260 /* ViewControllers+VMs */ = {
			isa = PBXGroup;
			children = (
				04FB497E27F18AA60078262C /* Bottles */,
				04FB497827F17CC00078262C /* Shake */,
				041E8E0C27F00B4B0028C7CF /* Me */,
				041E8DF327EDC7280028C7CF /* NavControllers */,
				685F3FFF4B413256D45C895D /* TabBarController */,
				685F3983C83A8BBAEC970DF7 /* Universal */,
			);
			path = "ViewControllers+VMs";
			sourceTree = "<group>";
		};
		685F3F1E9A1653BF260A6612 /* MeLanguageViewController */ = {
			isa = PBXGroup;
			children = (
				685F339489218C876F23D6D1 /* MeLanguageViewController.swift */,
			);
			path = MeLanguageViewController;
			sourceTree = "<group>";
		};
		685F3FFF4B413256D45C895D /* TabBarController */ = {
			isa = PBXGroup;
			children = (
				041E8E0027EF92080028C7CF /* TabNavigationMenu */,
				685F32D3F903EBF9D939E8FE /* MainTabBarController.swift */,
			);
			path = TabBarController;
			sourceTree = "<group>";
		};
/* End PBXGroup section */

/* Begin PBXNativeTarget section */
		0474FA0027ECDA540079C939 /* ShakeBottles */ = {
			isa = PBXNativeTarget;
			buildConfigurationList = 0474FA2B27ECDA550079C939 /* Build configuration list for PBXNativeTarget "ShakeBottles" */;
			buildPhases = (
				399E35EAB8399416AB371579 /* [CP] Check Pods Manifest.lock */,
				0474F9FD27ECDA540079C939 /* Sources */,
				0474F9FE27ECDA540079C939 /* Frameworks */,
				0474F9FF27ECDA540079C939 /* Resources */,
				2F8D3C4BB69C08E3B2E976F5 /* [CP] Embed Pods Frameworks */,
			);
			buildRules = (
			);
			dependencies = (
			);
			name = ShakeBottles;
			productName = ShakeBottles;
			productReference = 0474FA0127ECDA540079C939 /* ShakeBottles.app */;
			productType = "com.apple.product-type.application";
		};
		0474FA1627ECDA550079C939 /* ShakeBottlesTests */ = {
			isa = PBXNativeTarget;
			buildConfigurationList = 0474FA2E27ECDA550079C939 /* Build configuration list for PBXNativeTarget "ShakeBottlesTests" */;
			buildPhases = (
				B331EB1373A0E32EE88B6774 /* [CP] Check Pods Manifest.lock */,
				0474FA1327ECDA550079C939 /* Sources */,
				0474FA1427ECDA550079C939 /* Frameworks */,
				0474FA1527ECDA550079C939 /* Resources */,
			);
			buildRules = (
			);
			dependencies = (
				0474FA1927ECDA550079C939 /* PBXTargetDependency */,
			);
			name = ShakeBottlesTests;
			productName = ShakeBottlesTests;
			productReference = 0474FA1727ECDA550079C939 /* ShakeBottlesTests.xctest */;
			productType = "com.apple.product-type.bundle.unit-test";
		};
		0474FA2027ECDA550079C939 /* ShakeBottlesUITests */ = {
			isa = PBXNativeTarget;
			buildConfigurationList = 0474FA3127ECDA550079C939 /* Build configuration list for PBXNativeTarget "ShakeBottlesUITests" */;
			buildPhases = (
				1428D07D7879DED786C9DC7B /* [CP] Check Pods Manifest.lock */,
				0474FA1D27ECDA550079C939 /* Sources */,
				0474FA1E27ECDA550079C939 /* Frameworks */,
				0474FA1F27ECDA550079C939 /* Resources */,
				D51D5644437302D653787197 /* [CP] Embed Pods Frameworks */,
			);
			buildRules = (
			);
			dependencies = (
				0474FA2327ECDA550079C939 /* PBXTargetDependency */,
			);
			name = ShakeBottlesUITests;
			productName = ShakeBottlesUITests;
			productReference = 0474FA2127ECDA550079C939 /* ShakeBottlesUITests.xctest */;
			productType = "com.apple.product-type.bundle.ui-testing";
		};
/* End PBXNativeTarget section */

/* Begin PBXProject section */
		0474F9F927ECDA540079C939 /* Project object */ = {
			isa = PBXProject;
			attributes = {
				BuildIndependentTargetsInParallel = 1;
				LastSwiftUpdateCheck = 1320;
				LastUpgradeCheck = 1320;
				TargetAttributes = {
					0474FA0027ECDA540079C939 = {
						CreatedOnToolsVersion = 13.2.1;
					};
					0474FA1627ECDA550079C939 = {
						CreatedOnToolsVersion = 13.2.1;
						TestTargetID = 0474FA0027ECDA540079C939;
					};
					0474FA2027ECDA550079C939 = {
						CreatedOnToolsVersion = 13.2.1;
						TestTargetID = 0474FA0027ECDA540079C939;
					};
				};
			};
			buildConfigurationList = 0474F9FC27ECDA540079C939 /* Build configuration list for PBXProject "ShakeBottles" */;
			compatibilityVersion = "Xcode 13.0";
			developmentRegion = en;
			hasScannedForEncodings = 0;
			knownRegions = (
				en,
				Base,
			);
			mainGroup = 0474F9F827ECDA540079C939;
			productRefGroup = 0474FA0227ECDA540079C939 /* Products */;
			projectDirPath = "";
			projectRoot = "";
			targets = (
				0474FA0027ECDA540079C939 /* ShakeBottles */,
				0474FA1627ECDA550079C939 /* ShakeBottlesTests */,
				0474FA2027ECDA550079C939 /* ShakeBottlesUITests */,
			);
		};
/* End PBXProject section */

/* Begin PBXResourcesBuildPhase section */
		0474F9FF27ECDA540079C939 /* Resources */ = {
			isa = PBXResourcesBuildPhase;
			buildActionMask = 2147483647;
			files = (
				0474FA1127ECDA550079C939 /* LaunchScreen.storyboard in Resources */,
				04FB498D27F56BFB0078262C /* FindSomeone.mp3 in Resources */,
				0474FA0E27ECDA550079C939 /* Assets.xcassets in Resources */,
				0474FA0C27ECDA540079C939 /* Main.storyboard in Resources */,
				04FB498F27F56C0E0078262C /* ShakeKacha.mp3 in Resources */,
			);
			runOnlyForDeploymentPostprocessing = 0;
		};
		0474FA1527ECDA550079C939 /* Resources */ = {
			isa = PBXResourcesBuildPhase;
			buildActionMask = 2147483647;
			files = (
			);
			runOnlyForDeploymentPostprocessing = 0;
		};
		0474FA1F27ECDA550079C939 /* Resources */ = {
			isa = PBXResourcesBuildPhase;
			buildActionMask = 2147483647;
			files = (
			);
			runOnlyForDeploymentPostprocessing = 0;
		};
/* End PBXResourcesBuildPhase section */

/* Begin PBXShellScriptBuildPhase section */
		1428D07D7879DED786C9DC7B /* [CP] Check Pods Manifest.lock */ = {
			isa = PBXShellScriptBuildPhase;
			buildActionMask = 2147483647;
			files = (
			);
			inputFileListPaths = (
			);
			inputPaths = (
				"${PODS_PODFILE_DIR_PATH}/Podfile.lock",
				"${PODS_ROOT}/Manifest.lock",
			);
			name = "[CP] Check Pods Manifest.lock";
			outputFileListPaths = (
			);
			outputPaths = (
				"$(DERIVED_FILE_DIR)/Pods-ShakeBottles-ShakeBottlesUITests-checkManifestLockResult.txt",
			);
			runOnlyForDeploymentPostprocessing = 0;
			shellPath = /bin/sh;
			shellScript = "diff \"${PODS_PODFILE_DIR_PATH}/Podfile.lock\" \"${PODS_ROOT}/Manifest.lock\" > /dev/null\nif [ $? != 0 ] ; then\n    # print error to STDERR\n    echo \"error: The sandbox is not in sync with the Podfile.lock. Run 'pod install' or update your CocoaPods installation.\" >&2\n    exit 1\nfi\n# This output is used by Xcode 'outputs' to avoid re-running this script phase.\necho \"SUCCESS\" > \"${SCRIPT_OUTPUT_FILE_0}\"\n";
			showEnvVarsInLog = 0;
		};
		2F8D3C4BB69C08E3B2E976F5 /* [CP] Embed Pods Frameworks */ = {
			isa = PBXShellScriptBuildPhase;
			buildActionMask = 2147483647;
			files = (
			);
			inputFileListPaths = (
				"${PODS_ROOT}/Target Support Files/Pods-ShakeBottles/Pods-ShakeBottles-frameworks-${CONFIGURATION}-input-files.xcfilelist",
			);
			name = "[CP] Embed Pods Frameworks";
			outputFileListPaths = (
				"${PODS_ROOT}/Target Support Files/Pods-ShakeBottles/Pods-ShakeBottles-frameworks-${CONFIGURATION}-output-files.xcfilelist",
			);
			runOnlyForDeploymentPostprocessing = 0;
			shellPath = /bin/sh;
			shellScript = "\"${PODS_ROOT}/Target Support Files/Pods-ShakeBottles/Pods-ShakeBottles-frameworks.sh\"\n";
			showEnvVarsInLog = 0;
		};
		399E35EAB8399416AB371579 /* [CP] Check Pods Manifest.lock */ = {
			isa = PBXShellScriptBuildPhase;
			buildActionMask = 2147483647;
			files = (
			);
			inputFileListPaths = (
			);
			inputPaths = (
				"${PODS_PODFILE_DIR_PATH}/Podfile.lock",
				"${PODS_ROOT}/Manifest.lock",
			);
			name = "[CP] Check Pods Manifest.lock";
			outputFileListPaths = (
			);
			outputPaths = (
				"$(DERIVED_FILE_DIR)/Pods-ShakeBottles-checkManifestLockResult.txt",
			);
			runOnlyForDeploymentPostprocessing = 0;
			shellPath = /bin/sh;
			shellScript = "diff \"${PODS_PODFILE_DIR_PATH}/Podfile.lock\" \"${PODS_ROOT}/Manifest.lock\" > /dev/null\nif [ $? != 0 ] ; then\n    # print error to STDERR\n    echo \"error: The sandbox is not in sync with the Podfile.lock. Run 'pod install' or update your CocoaPods installation.\" >&2\n    exit 1\nfi\n# This output is used by Xcode 'outputs' to avoid re-running this script phase.\necho \"SUCCESS\" > \"${SCRIPT_OUTPUT_FILE_0}\"\n";
			showEnvVarsInLog = 0;
		};
		B331EB1373A0E32EE88B6774 /* [CP] Check Pods Manifest.lock */ = {
			isa = PBXShellScriptBuildPhase;
			buildActionMask = 2147483647;
			files = (
			);
			inputFileListPaths = (
			);
			inputPaths = (
				"${PODS_PODFILE_DIR_PATH}/Podfile.lock",
				"${PODS_ROOT}/Manifest.lock",
			);
			name = "[CP] Check Pods Manifest.lock";
			outputFileListPaths = (
			);
			outputPaths = (
				"$(DERIVED_FILE_DIR)/Pods-ShakeBottlesTests-checkManifestLockResult.txt",
			);
			runOnlyForDeploymentPostprocessing = 0;
			shellPath = /bin/sh;
			shellScript = "diff \"${PODS_PODFILE_DIR_PATH}/Podfile.lock\" \"${PODS_ROOT}/Manifest.lock\" > /dev/null\nif [ $? != 0 ] ; then\n    # print error to STDERR\n    echo \"error: The sandbox is not in sync with the Podfile.lock. Run 'pod install' or update your CocoaPods installation.\" >&2\n    exit 1\nfi\n# This output is used by Xcode 'outputs' to avoid re-running this script phase.\necho \"SUCCESS\" > \"${SCRIPT_OUTPUT_FILE_0}\"\n";
			showEnvVarsInLog = 0;
		};
		D51D5644437302D653787197 /* [CP] Embed Pods Frameworks */ = {
			isa = PBXShellScriptBuildPhase;
			buildActionMask = 2147483647;
			files = (
			);
			inputFileListPaths = (
				"${PODS_ROOT}/Target Support Files/Pods-ShakeBottles-ShakeBottlesUITests/Pods-ShakeBottles-ShakeBottlesUITests-frameworks-${CONFIGURATION}-input-files.xcfilelist",
			);
			name = "[CP] Embed Pods Frameworks";
			outputFileListPaths = (
				"${PODS_ROOT}/Target Support Files/Pods-ShakeBottles-ShakeBottlesUITests/Pods-ShakeBottles-ShakeBottlesUITests-frameworks-${CONFIGURATION}-output-files.xcfilelist",
			);
			runOnlyForDeploymentPostprocessing = 0;
			shellPath = /bin/sh;
			shellScript = "\"${PODS_ROOT}/Target Support Files/Pods-ShakeBottles-ShakeBottlesUITests/Pods-ShakeBottles-ShakeBottlesUITests-frameworks.sh\"\n";
			showEnvVarsInLog = 0;
		};
/* End PBXShellScriptBuildPhase section */

/* Begin PBXSourcesBuildPhase section */
		0474F9FD27ECDA540079C939 /* Sources */ = {
			isa = PBXSourcesBuildPhase;
			buildActionMask = 2147483647;
			files = (
				0474FA0927ECDA540079C939 /* ViewController.swift in Sources */,
				0474FA0527ECDA540079C939 /* AppDelegate.swift in Sources */,
				041E8DF527EDC7570028C7CF /* BottlesNavigationController.swift in Sources */,
				041E8E1627F03CF20028C7CF /* UserInfo.swift in Sources */,
				041E8E0827EFA2D90028C7CF /* UIUtil.swift in Sources */,
				0474FA0727ECDA540079C939 /* SceneDelegate.swift in Sources */,
				04FB49C127FE09430078262C /* Models.swift in Sources */,
				685F358B5B7F3B4B55AE0E28 /* MainTabBarController.swift in Sources */,
				041E8E0F27F00BD00028C7CF /* MeVM.swift in Sources */,
				685F354421BD6288AED186E4 /* TabNavigationMenu.swift in Sources */,
				04FB49CB27FF4DC40078262C /* ThemeSizes.swift in Sources */,
				04FB49BF27FE08B20078262C /* BaseModel.swift in Sources */,
				041E8DFF27EF8E390028C7CF /* MeView.swift in Sources */,
				04FB49B227FD0BDE0078262C /* ShakeHistoryViewController.swift in Sources */,
				04FB499E27FC09B00078262C /* MainCoordinator.swift in Sources */,
				04FB49A527FC10BB0078262C /* DeepLinkBaseCoordinator.swift in Sources */,
				041E8E0B27EFFED40028C7CF /* ShakeBottles+UIImageView.swift in Sources */,
				685F344952A131EFE5C8C49E /* BaseViewController.swift in Sources */,
				04FB49A727FC10FC0078262C /* DeepLinkCoordinator.swift in Sources */,
				04FB49BD27FE02AF0078262C /* PaddingLabel.swift in Sources */,
				04FB497727F172560078262C /* AppearanceManager.swift in Sources */,
				685F34B2ED657298DA65C345 /* BaseTabBarController.swift in Sources */,
				04FB497127F162480078262C /* ShakeBottles+UIColor.swift in Sources */,
				04FB497A27F17CEF0078262C /* ShakeView.swift in Sources */,
				685F395318B46CA592FE0A5E /* BaseView.swift in Sources */,
				04FB49B427FD10010078262C /* BottlesMessagesViewController.swift in Sources */,
				04FB498927F18B060078262C /* BottlesVM.swift in Sources */,
				04FB49AD27FCC3DE0078262C /* MeBaseCoordinator.swift in Sources */,
				04FB498227F18AD70078262C /* BottlesViewController.swift in Sources */,
				04FB499A27FAA3300078262C /* BottlesCoordinator.swift in Sources */,
				04FB499127F639890078262C /* BottleSeaView.swift in Sources */,
				04FB497D27F17F600078262C /* ShakeVM.swift in Sources */,
				04FB49A027FC0BF30078262C /* MainBaseCoordinator.swift in Sources */,
				685F3DDDB655A29AC1688D2E /* TabItem.swift in Sources */,
				04FB49C527FE50F20078262C /* ShakeBottles+UIView.swift in Sources */,
				041E8E1227F0331B0028C7CF /* BaseViewModel.swift in Sources */,
				041E8E0327EF99970028C7CF /* AvatarTopView.swift in Sources */,
				04FB49C327FE0A560078262C /* ShakeBottles+Date.swift in Sources */,
				04FB499827FA9A520078262C /* ShakeCoordinator.swift in Sources */,
				041E8DF227EDC6850028C7CF /* MeNavigationController.swift in Sources */,
				04FB499C27FAA3390078262C /* MeCoordinator.swift in Sources */,
				685F3DC4BDBE5DC2D7D1950E /* ShakeViewController.swift in Sources */,
				04FB49C927FF4DB90078262C /* ThemeColors.swift in Sources */,
				04FB499627FA30710078262C /* Coordinator.swift in Sources */,
				041E8DF727EDC7670028C7CF /* ShakeNavigationController.swift in Sources */,
				685F3F344423DE68D47E8C7D /* MeViewController.swift in Sources */,
				04FB498627F18AF20078262C /* BottlesView.swift in Sources */,
				685F39921E8859EF704CDC52 /* BaseImageView.swift in Sources */,
				04FB49AB27FCC3A60078262C /* ShakeBaseCoordinator.swift in Sources */,
				04FB49B827FD17EB0078262C /* MeEditProfileViewController.swift in Sources */,
				04FB49A927FCC28F0078262C /* BottlesBaseCoordinator.swift in Sources */,
				041E8E1427F035690028C7CF /* MeTableViewDelegate.swift in Sources */,
				685F3EFDD0BE64168CEB2924 /* MeAboutViewController.swift in Sources */,
				685F36E4CB6ED69433F5E126 /* MeAppearanceViewController.swift in Sources */,
				685F31FF2F498C5F6791D80F /* MeCreditViewController.swift in Sources */,
				685F3328A272CE69FA9C3553 /* MeDataAndStorageViewController.swift in Sources */,
				04FB49C727FEA5D60078262C /* ChatCellBubbleView.swift in Sources */,
				685F359A18EDEB6FC0366EFC /* MeLanguageViewController.swift in Sources */,
				685F3FC41AB4756FDA3D7C1E /* UniChatVM.swift in Sources */,
				685F33B323A66623DBCD0B4D /* UniChatViewController.swift in Sources */,
				685F34D404D5C56C4BEA0153 /* UniChatView.swift in Sources */,
				685F30C483A3BDB97CE3E873 /* UniChatTableViewDelegate.swift in Sources */,
				685F3681692F54B34F1FE5A2 /* UniChatTextTableViewCell.swift in Sources */,
				04FB49BB27FDF6560078262C /* UniCellEnum.swift in Sources */,
				685F3C70D84752A8856A3DBB /* UniChatImageTableViewCell.swift in Sources */,
				685F37628E8D65A1354540FB /* UniChatDateSectionHeader.swift in Sources */,
			);
			runOnlyForDeploymentPostprocessing = 0;
		};
		0474FA1327ECDA550079C939 /* Sources */ = {
			isa = PBXSourcesBuildPhase;
			buildActionMask = 2147483647;
			files = (
				0474FA1C27ECDA550079C939 /* ShakeBottlesTests.swift in Sources */,
			);
			runOnlyForDeploymentPostprocessing = 0;
		};
		0474FA1D27ECDA550079C939 /* Sources */ = {
			isa = PBXSourcesBuildPhase;
			buildActionMask = 2147483647;
			files = (
				0474FA2627ECDA550079C939 /* ShakeBottlesUITests.swift in Sources */,
				0474FA2827ECDA550079C939 /* ShakeBottlesUITestsLaunchTests.swift in Sources */,
			);
			runOnlyForDeploymentPostprocessing = 0;
		};
/* End PBXSourcesBuildPhase section */

/* Begin PBXTargetDependency section */
		0474FA1927ECDA550079C939 /* PBXTargetDependency */ = {
			isa = PBXTargetDependency;
			target = 0474FA0027ECDA540079C939 /* ShakeBottles */;
			targetProxy = 0474FA1827ECDA550079C939 /* PBXContainerItemProxy */;
		};
		0474FA2327ECDA550079C939 /* PBXTargetDependency */ = {
			isa = PBXTargetDependency;
			target = 0474FA0027ECDA540079C939 /* ShakeBottles */;
			targetProxy = 0474FA2227ECDA550079C939 /* PBXContainerItemProxy */;
		};
/* End PBXTargetDependency section */

/* Begin PBXVariantGroup section */
		0474FA0A27ECDA540079C939 /* Main.storyboard */ = {
			isa = PBXVariantGroup;
			children = (
				0474FA0B27ECDA540079C939 /* Base */,
			);
			name = Main.storyboard;
			sourceTree = "<group>";
		};
		0474FA0F27ECDA550079C939 /* LaunchScreen.storyboard */ = {
			isa = PBXVariantGroup;
			children = (
				0474FA1027ECDA550079C939 /* Base */,
			);
			name = LaunchScreen.storyboard;
			sourceTree = "<group>";
		};
/* End PBXVariantGroup section */

/* Begin XCBuildConfiguration section */
		0474FA2927ECDA550079C939 /* Debug */ = {
			isa = XCBuildConfiguration;
			buildSettings = {
				ALWAYS_SEARCH_USER_PATHS = NO;
				CLANG_ANALYZER_NONNULL = YES;
				CLANG_ANALYZER_NUMBER_OBJECT_CONVERSION = YES_AGGRESSIVE;
				CLANG_CXX_LANGUAGE_STANDARD = "gnu++17";
				CLANG_CXX_LIBRARY = "libc++";
				CLANG_ENABLE_MODULES = YES;
				CLANG_ENABLE_OBJC_ARC = YES;
				CLANG_ENABLE_OBJC_WEAK = YES;
				CLANG_WARN_BLOCK_CAPTURE_AUTORELEASING = YES;
				CLANG_WARN_BOOL_CONVERSION = YES;
				CLANG_WARN_COMMA = YES;
				CLANG_WARN_CONSTANT_CONVERSION = YES;
				CLANG_WARN_DEPRECATED_OBJC_IMPLEMENTATIONS = YES;
				CLANG_WARN_DIRECT_OBJC_ISA_USAGE = YES_ERROR;
				CLANG_WARN_DOCUMENTATION_COMMENTS = YES;
				CLANG_WARN_EMPTY_BODY = YES;
				CLANG_WARN_ENUM_CONVERSION = YES;
				CLANG_WARN_INFINITE_RECURSION = YES;
				CLANG_WARN_INT_CONVERSION = YES;
				CLANG_WARN_NON_LITERAL_NULL_CONVERSION = YES;
				CLANG_WARN_OBJC_IMPLICIT_RETAIN_SELF = YES;
				CLANG_WARN_OBJC_LITERAL_CONVERSION = YES;
				CLANG_WARN_OBJC_ROOT_CLASS = YES_ERROR;
				CLANG_WARN_QUOTED_INCLUDE_IN_FRAMEWORK_HEADER = YES;
				CLANG_WARN_RANGE_LOOP_ANALYSIS = YES;
				CLANG_WARN_STRICT_PROTOTYPES = YES;
				CLANG_WARN_SUSPICIOUS_MOVE = YES;
				CLANG_WARN_UNGUARDED_AVAILABILITY = YES_AGGRESSIVE;
				CLANG_WARN_UNREACHABLE_CODE = YES;
				CLANG_WARN__DUPLICATE_METHOD_MATCH = YES;
				COPY_PHASE_STRIP = NO;
				DEBUG_INFORMATION_FORMAT = dwarf;
				ENABLE_STRICT_OBJC_MSGSEND = YES;
				ENABLE_TESTABILITY = YES;
				GCC_C_LANGUAGE_STANDARD = gnu11;
				GCC_DYNAMIC_NO_PIC = NO;
				GCC_NO_COMMON_BLOCKS = YES;
				GCC_OPTIMIZATION_LEVEL = 0;
				GCC_PREPROCESSOR_DEFINITIONS = (
					"DEBUG=1",
					"$(inherited)",
				);
				GCC_WARN_64_TO_32_BIT_CONVERSION = YES;
				GCC_WARN_ABOUT_RETURN_TYPE = YES_ERROR;
				GCC_WARN_UNDECLARED_SELECTOR = YES;
				GCC_WARN_UNINITIALIZED_AUTOS = YES_AGGRESSIVE;
				GCC_WARN_UNUSED_FUNCTION = YES;
				GCC_WARN_UNUSED_VARIABLE = YES;
				IPHONEOS_DEPLOYMENT_TARGET = 15.2;
				MTL_ENABLE_DEBUG_INFO = INCLUDE_SOURCE;
				MTL_FAST_MATH = YES;
				ONLY_ACTIVE_ARCH = YES;
				SDKROOT = iphoneos;
				SWIFT_ACTIVE_COMPILATION_CONDITIONS = DEBUG;
				SWIFT_OPTIMIZATION_LEVEL = "-Onone";
			};
			name = Debug;
		};
		0474FA2A27ECDA550079C939 /* Release */ = {
			isa = XCBuildConfiguration;
			buildSettings = {
				ALWAYS_SEARCH_USER_PATHS = NO;
				CLANG_ANALYZER_NONNULL = YES;
				CLANG_ANALYZER_NUMBER_OBJECT_CONVERSION = YES_AGGRESSIVE;
				CLANG_CXX_LANGUAGE_STANDARD = "gnu++17";
				CLANG_CXX_LIBRARY = "libc++";
				CLANG_ENABLE_MODULES = YES;
				CLANG_ENABLE_OBJC_ARC = YES;
				CLANG_ENABLE_OBJC_WEAK = YES;
				CLANG_WARN_BLOCK_CAPTURE_AUTORELEASING = YES;
				CLANG_WARN_BOOL_CONVERSION = YES;
				CLANG_WARN_COMMA = YES;
				CLANG_WARN_CONSTANT_CONVERSION = YES;
				CLANG_WARN_DEPRECATED_OBJC_IMPLEMENTATIONS = YES;
				CLANG_WARN_DIRECT_OBJC_ISA_USAGE = YES_ERROR;
				CLANG_WARN_DOCUMENTATION_COMMENTS = YES;
				CLANG_WARN_EMPTY_BODY = YES;
				CLANG_WARN_ENUM_CONVERSION = YES;
				CLANG_WARN_INFINITE_RECURSION = YES;
				CLANG_WARN_INT_CONVERSION = YES;
				CLANG_WARN_NON_LITERAL_NULL_CONVERSION = YES;
				CLANG_WARN_OBJC_IMPLICIT_RETAIN_SELF = YES;
				CLANG_WARN_OBJC_LITERAL_CONVERSION = YES;
				CLANG_WARN_OBJC_ROOT_CLASS = YES_ERROR;
				CLANG_WARN_QUOTED_INCLUDE_IN_FRAMEWORK_HEADER = YES;
				CLANG_WARN_RANGE_LOOP_ANALYSIS = YES;
				CLANG_WARN_STRICT_PROTOTYPES = YES;
				CLANG_WARN_SUSPICIOUS_MOVE = YES;
				CLANG_WARN_UNGUARDED_AVAILABILITY = YES_AGGRESSIVE;
				CLANG_WARN_UNREACHABLE_CODE = YES;
				CLANG_WARN__DUPLICATE_METHOD_MATCH = YES;
				COPY_PHASE_STRIP = NO;
				DEBUG_INFORMATION_FORMAT = "dwarf-with-dsym";
				ENABLE_NS_ASSERTIONS = NO;
				ENABLE_STRICT_OBJC_MSGSEND = YES;
				GCC_C_LANGUAGE_STANDARD = gnu11;
				GCC_NO_COMMON_BLOCKS = YES;
				GCC_WARN_64_TO_32_BIT_CONVERSION = YES;
				GCC_WARN_ABOUT_RETURN_TYPE = YES_ERROR;
				GCC_WARN_UNDECLARED_SELECTOR = YES;
				GCC_WARN_UNINITIALIZED_AUTOS = YES_AGGRESSIVE;
				GCC_WARN_UNUSED_FUNCTION = YES;
				GCC_WARN_UNUSED_VARIABLE = YES;
				IPHONEOS_DEPLOYMENT_TARGET = 15.2;
				MTL_ENABLE_DEBUG_INFO = NO;
				MTL_FAST_MATH = YES;
				SDKROOT = iphoneos;
				SWIFT_COMPILATION_MODE = wholemodule;
				SWIFT_OPTIMIZATION_LEVEL = "-O";
				VALIDATE_PRODUCT = YES;
			};
			name = Release;
		};
		0474FA2C27ECDA550079C939 /* Debug */ = {
			isa = XCBuildConfiguration;
			baseConfigurationReference = 35CB27624219CCF69B060171 /* Pods-ShakeBottles.debug.xcconfig */;
			buildSettings = {
				ASSETCATALOG_COMPILER_APPICON_NAME = AppIcon;
				ASSETCATALOG_COMPILER_GLOBAL_ACCENT_COLOR_NAME = AccentColor;
				CODE_SIGN_STYLE = Automatic;
				CURRENT_PROJECT_VERSION = 1;
				DEVELOPMENT_TEAM = W52FE5M3HC;
				GENERATE_INFOPLIST_FILE = YES;
				INFOPLIST_FILE = ShakeBottles/Info.plist;
				INFOPLIST_KEY_UIApplicationSupportsIndirectInputEvents = YES;
				INFOPLIST_KEY_UILaunchStoryboardName = LaunchScreen;
				INFOPLIST_KEY_UIMainStoryboardFile = Main;
				INFOPLIST_KEY_UISupportedInterfaceOrientations = UIInterfaceOrientationPortrait;
				INFOPLIST_KEY_UISupportedInterfaceOrientations_iPad = "UIInterfaceOrientationPortrait UIInterfaceOrientationPortraitUpsideDown UIInterfaceOrientationLandscapeLeft UIInterfaceOrientationLandscapeRight";
				INFOPLIST_KEY_UISupportedInterfaceOrientations_iPhone = "UIInterfaceOrientationPortrait UIInterfaceOrientationLandscapeLeft UIInterfaceOrientationLandscapeRight";
				IPHONEOS_DEPLOYMENT_TARGET = 13.0;
				LD_RUNPATH_SEARCH_PATHS = (
					"$(inherited)",
					"@executable_path/Frameworks",
				);
				MARKETING_VERSION = 1.0;
				PRODUCT_BUNDLE_IDENTIFIER = com.lux.ShakeBottles;
				PRODUCT_NAME = "$(TARGET_NAME)";
				SWIFT_EMIT_LOC_STRINGS = YES;
				SWIFT_VERSION = 5.0;
				TARGETED_DEVICE_FAMILY = 1;
			};
			name = Debug;
		};
		0474FA2D27ECDA550079C939 /* Release */ = {
			isa = XCBuildConfiguration;
			baseConfigurationReference = EDF1EE61AC424C9919118B33 /* Pods-ShakeBottles.release.xcconfig */;
			buildSettings = {
				ASSETCATALOG_COMPILER_APPICON_NAME = AppIcon;
				ASSETCATALOG_COMPILER_GLOBAL_ACCENT_COLOR_NAME = AccentColor;
				CODE_SIGN_STYLE = Automatic;
				CURRENT_PROJECT_VERSION = 1;
				DEVELOPMENT_TEAM = W52FE5M3HC;
				GENERATE_INFOPLIST_FILE = YES;
				INFOPLIST_FILE = ShakeBottles/Info.plist;
				INFOPLIST_KEY_UIApplicationSupportsIndirectInputEvents = YES;
				INFOPLIST_KEY_UILaunchStoryboardName = LaunchScreen;
				INFOPLIST_KEY_UIMainStoryboardFile = Main;
				INFOPLIST_KEY_UISupportedInterfaceOrientations = UIInterfaceOrientationPortrait;
				INFOPLIST_KEY_UISupportedInterfaceOrientations_iPad = "UIInterfaceOrientationPortrait UIInterfaceOrientationPortraitUpsideDown UIInterfaceOrientationLandscapeLeft UIInterfaceOrientationLandscapeRight";
				INFOPLIST_KEY_UISupportedInterfaceOrientations_iPhone = "UIInterfaceOrientationPortrait UIInterfaceOrientationLandscapeLeft UIInterfaceOrientationLandscapeRight";
				IPHONEOS_DEPLOYMENT_TARGET = 13.0;
				LD_RUNPATH_SEARCH_PATHS = (
					"$(inherited)",
					"@executable_path/Frameworks",
				);
				MARKETING_VERSION = 1.0;
				PRODUCT_BUNDLE_IDENTIFIER = com.lux.ShakeBottles;
				PRODUCT_NAME = "$(TARGET_NAME)";
				SWIFT_EMIT_LOC_STRINGS = YES;
				SWIFT_VERSION = 5.0;
				TARGETED_DEVICE_FAMILY = 1;
			};
			name = Release;
		};
		0474FA2F27ECDA550079C939 /* Debug */ = {
			isa = XCBuildConfiguration;
			baseConfigurationReference = DC49E11C4C27F351082A391A /* Pods-ShakeBottlesTests.debug.xcconfig */;
			buildSettings = {
				ALWAYS_EMBED_SWIFT_STANDARD_LIBRARIES = YES;
				BUNDLE_LOADER = "$(TEST_HOST)";
				CODE_SIGN_STYLE = Automatic;
				CURRENT_PROJECT_VERSION = 1;
				DEVELOPMENT_TEAM = W52FE5M3HC;
				GENERATE_INFOPLIST_FILE = YES;
				IPHONEOS_DEPLOYMENT_TARGET = 15.2;
				MARKETING_VERSION = 1.0;
				PRODUCT_BUNDLE_IDENTIFIER = com.lux.ShakeBottlesTests;
				PRODUCT_NAME = "$(TARGET_NAME)";
				SWIFT_EMIT_LOC_STRINGS = NO;
				SWIFT_VERSION = 5.0;
				TARGETED_DEVICE_FAMILY = "1,2";
				TEST_HOST = "$(BUILT_PRODUCTS_DIR)/ShakeBottles.app/ShakeBottles";
			};
			name = Debug;
		};
		0474FA3027ECDA550079C939 /* Release */ = {
			isa = XCBuildConfiguration;
			baseConfigurationReference = F30BDE41A5D7960E441FF870 /* Pods-ShakeBottlesTests.release.xcconfig */;
			buildSettings = {
				ALWAYS_EMBED_SWIFT_STANDARD_LIBRARIES = YES;
				BUNDLE_LOADER = "$(TEST_HOST)";
				CODE_SIGN_STYLE = Automatic;
				CURRENT_PROJECT_VERSION = 1;
				DEVELOPMENT_TEAM = W52FE5M3HC;
				GENERATE_INFOPLIST_FILE = YES;
				IPHONEOS_DEPLOYMENT_TARGET = 15.2;
				MARKETING_VERSION = 1.0;
				PRODUCT_BUNDLE_IDENTIFIER = com.lux.ShakeBottlesTests;
				PRODUCT_NAME = "$(TARGET_NAME)";
				SWIFT_EMIT_LOC_STRINGS = NO;
				SWIFT_VERSION = 5.0;
				TARGETED_DEVICE_FAMILY = "1,2";
				TEST_HOST = "$(BUILT_PRODUCTS_DIR)/ShakeBottles.app/ShakeBottles";
			};
			name = Release;
		};
		0474FA3227ECDA550079C939 /* Debug */ = {
			isa = XCBuildConfiguration;
			baseConfigurationReference = EFA8BF96CEE344C7CE346C06 /* Pods-ShakeBottles-ShakeBottlesUITests.debug.xcconfig */;
			buildSettings = {
				ALWAYS_EMBED_SWIFT_STANDARD_LIBRARIES = YES;
				CODE_SIGN_STYLE = Automatic;
				CURRENT_PROJECT_VERSION = 1;
				DEVELOPMENT_TEAM = W52FE5M3HC;
				GENERATE_INFOPLIST_FILE = YES;
				MARKETING_VERSION = 1.0;
				PRODUCT_BUNDLE_IDENTIFIER = com.lux.ShakeBottlesUITests;
				PRODUCT_NAME = "$(TARGET_NAME)";
				SWIFT_EMIT_LOC_STRINGS = NO;
				SWIFT_VERSION = 5.0;
				TARGETED_DEVICE_FAMILY = "1,2";
				TEST_TARGET_NAME = ShakeBottles;
			};
			name = Debug;
		};
		0474FA3327ECDA550079C939 /* Release */ = {
			isa = XCBuildConfiguration;
			baseConfigurationReference = CB3BF67125604C35C1BFA485 /* Pods-ShakeBottles-ShakeBottlesUITests.release.xcconfig */;
			buildSettings = {
				ALWAYS_EMBED_SWIFT_STANDARD_LIBRARIES = YES;
				CODE_SIGN_STYLE = Automatic;
				CURRENT_PROJECT_VERSION = 1;
				DEVELOPMENT_TEAM = W52FE5M3HC;
				GENERATE_INFOPLIST_FILE = YES;
				MARKETING_VERSION = 1.0;
				PRODUCT_BUNDLE_IDENTIFIER = com.lux.ShakeBottlesUITests;
				PRODUCT_NAME = "$(TARGET_NAME)";
				SWIFT_EMIT_LOC_STRINGS = NO;
				SWIFT_VERSION = 5.0;
				TARGETED_DEVICE_FAMILY = "1,2";
				TEST_TARGET_NAME = ShakeBottles;
			};
			name = Release;
		};
/* End XCBuildConfiguration section */

/* Begin XCConfigurationList section */
		0474F9FC27ECDA540079C939 /* Build configuration list for PBXProject "ShakeBottles" */ = {
			isa = XCConfigurationList;
			buildConfigurations = (
				0474FA2927ECDA550079C939 /* Debug */,
				0474FA2A27ECDA550079C939 /* Release */,
			);
			defaultConfigurationIsVisible = 0;
			defaultConfigurationName = Release;
		};
		0474FA2B27ECDA550079C939 /* Build configuration list for PBXNativeTarget "ShakeBottles" */ = {
			isa = XCConfigurationList;
			buildConfigurations = (
				0474FA2C27ECDA550079C939 /* Debug */,
				0474FA2D27ECDA550079C939 /* Release */,
			);
			defaultConfigurationIsVisible = 0;
			defaultConfigurationName = Release;
		};
		0474FA2E27ECDA550079C939 /* Build configuration list for PBXNativeTarget "ShakeBottlesTests" */ = {
			isa = XCConfigurationList;
			buildConfigurations = (
				0474FA2F27ECDA550079C939 /* Debug */,
				0474FA3027ECDA550079C939 /* Release */,
			);
			defaultConfigurationIsVisible = 0;
			defaultConfigurationName = Release;
		};
		0474FA3127ECDA550079C939 /* Build configuration list for PBXNativeTarget "ShakeBottlesUITests" */ = {
			isa = XCConfigurationList;
			buildConfigurations = (
				0474FA3227ECDA550079C939 /* Debug */,
				0474FA3327ECDA550079C939 /* Release */,
			);
			defaultConfigurationIsVisible = 0;
			defaultConfigurationName = Release;
		};
/* End XCConfigurationList section */
	};
	rootObject = 0474F9F927ECDA540079C939 /* Project object */;
}
